# Generated by pub
# See https://dart.dev/tools/pub/glossary#lockfile
packages:
  camera:
    dependency: "direct main"
    description:
      name: camera
      sha256: dfa8fc5a1adaeb95e7a54d86a5bd56f4bb0e035515354c8ac6d262e35cec2ec8
      url: "https://pub.dev"
    source: hosted
    version: "0.10.6"
  camera_android:
    dependency: transitive
    description:
      name: camera_android
      sha256: "08808be7e26fc3c7426c81b3fa387564b8e9c22e6fe9cb5675ce3ab7017d8203"
      url: "https://pub.dev"
    source: hosted
    version: "0.10.10+3"
  camera_avfoundation:
    dependency: transitive
    description:
      name: camera_avfoundation
      sha256: "14d7698b26e95a7db371bee1b07358245e5100640ab5e07c036be23f51383d43"
      url: "https://pub.dev"
    source: hosted
    version: "0.9.20+2"
  camera_platform_interface:
    dependency: transitive
    description:
      name: camera_platform_interface
      sha256: "2f757024a48696ff4814a789b0bd90f5660c0fb25f393ab4564fb483327930e2"
      url: "https://pub.dev"
    source: hosted
    version: "2.10.0"
  camera_web:
    dependency: transitive
    description:
      name: camera_web
      sha256: "595f28c89d1fb62d77c73c633193755b781c6d2e0ebcd8dc25b763b514e6ba8f"
      url: "https://pub.dev"
    source: hosted
    version: "0.3.5"
  characters:
    dependency: transitive
    description:
      name: characters
      sha256: f71061c654a3380576a52b451dd5532377954cf9dbd272a78fc8479606670803
      url: "https://pub.dev"
    source: hosted
    version: "1.4.0"
  collection:
    dependency: transitive
    description:
      name: collection
      sha256: "2f5709ae4d3d59dd8f7cd309b4e023046b57d8a6c82130785d2b0e5868084e76"
      url: "https://pub.dev"
    source: hosted
    version: "1.19.1"
  cross_file:
    dependency: transitive
    description:
      name: cross_file
      sha256: "7caf6a750a0c04effbb52a676dce9a4a592e10ad35c34d6d2d0e4811160d5670"
      url: "https://pub.dev"
    source: hosted
    version: "0.3.4+2"
  flutter:
    dependency: "direct main"
    description: flutter
    source: sdk
    version: "0.0.0"
  flutter_plugin_android_lifecycle:
    dependency: transitive
    description:
      name: flutter_plugin_android_lifecycle
      sha256: f948e346c12f8d5480d2825e03de228d0eb8c3a737e4cdaa122267b89c022b5e
      url: "https://pub.dev"
    source: hosted
    version: "2.0.28"
  flutter_tts:
    dependency: "direct main"
    description:
      name: flutter_tts
      sha256: cbb3fd43b946e62398560235469e6113e4fe26c40eab1b7cb5e7c417503fb3a8
      url: "https://pub.dev"
    source: hosted
    version: "3.8.5"
  flutter_web_plugins:
    dependency: transitive
    description: flutter
    source: sdk
    version: "0.0.0"
  google_mlkit_commons:
    dependency: transitive
    description:
      name: google_mlkit_commons
      sha256: af63771903947d5523d9e991a939a4b8bf994f11661c9b9c8a71d7d3997115f8
      url: "https://pub.dev"
    source: hosted
    version: "0.2.0"
  google_mlkit_face_detection:
    dependency: "direct main"
    description:
      name: google_mlkit_face_detection
      sha256: "1005699772656ad1f90e79e452593f6bdc52107df5431a53786f276cae79ff7f"
      url: "https://pub.dev"
    source: hosted
    version: "0.3.0"
  material_color_utilities:
    dependency: transitive
    description:
      name: material_color_utilities
      sha256: f7142bb1154231d7ea5f96bc7bde4bda2a0945d2806bb11670e30b850d56bdec
      url: "https://pub.dev"
    source: hosted
    version: "0.11.1"
  meta:
    dependency: transitive
    description:
      name: meta
      sha256: e3641ec5d63ebf0d9b41bd43201a66e3fc79a65db5f61fc181f04cd27aab950c
      url: "https://pub.dev"
    source: hosted
    version: "1.16.0"
  plugin_platform_interface:
    dependency: transitive
    description:
      name: plugin_platform_interface
      sha256: "4820fbfdb9478b1ebae27888254d445073732dae3d6ea81f0b7e06d5dedc3f02"
      url: "https://pub.dev"
    source: hosted
    version: "2.1.8"
  sky_engine:
    dependency: transitive
    description: flutter
    source: sdk
    version: "0.0.0"
  stream_transform:
    dependency: transitive
    description:
      name: stream_transform
      sha256: ad47125e588cfd37a9a7f86c7d6356dde8dfe89d071d293f80ca9e9273a33871
      url: "https://pub.dev"
    source: hosted
    version: "2.1.1"
  vector_math:
    dependency: transitive
    description:
      name: vector_math
      sha256: "80b3257d1492ce4d091729e3a67a60407d227c27241d6927be0130c98e741803"
      url: "https://pub.dev"
    source: hosted
    version: "2.1.4"
  web:
    dependency: transitive
    description:
      name: web
      sha256: "868d88a33d8a87b18ffc05f9f030ba328ffefba92d6c127917a2ba740f9cfe4a"
      url: "https://pub.dev"
    source: hosted
    version: "1.1.1"
sdks:
  dart: ">=3.7.0-0 <4.0.0"
  flutter: ">=3.27.0"
